
Microsoft Visual Studio Solution File, Format Version 12.00
# Visual Studio Version 17
VisualStudioVersion = 17.5.33530.505
MinimumVisualStudioVersion = 10.0.40219.1
Project("{8BC9CEB8-8B4A-11D0-8D11-00A0C91BC942}") = "ParadigmaOOP2_041", "ParadigmaOOP2_041\ParadigmaOOP2_041.vcxproj", "{F8BB035E-D418-4753-AAEC-FD9E07D93046}"
EndProject
Project("{8BC9CEB8-8B4A-11D0-8D11-00A0C91BC942}") = "solveMultiWaris_041", "solveMultiWaris_041\solveMultiWaris_041.vcxproj", "{53149650-6FCE-45A5-9B77-E15BD997D76E}"
EndProject
Project("{8BC9CEB8-8B4A-11D0-8D11-00A0C91BC942}") = "Polymorphism_041", "Polymorphism_041\Polymorphism_041.vcxproj", "{F3C690D3-E509-4714-943A-91C5225BB32E}"
EndProject
Global
	GlobalSection(SolutionConfigurationPlatforms) = preSolution
		Debug|x64 = Debug|x64
		Debug|x86 = Debug|x86
		Release|x64 = Release|x64
		Release|x86 = Release|x86
	EndGlobalSection
	GlobalSection(ProjectConfigurationPlatforms) = postSolution
		{F8BB035E-D418-4753-AAEC-FD9E07D93046}.Debug|x64.ActiveCfg = Debug|x64
		{F8BB035E-D418-4753-AAEC-FD9E07D93046}.Debug|x64.Build.0 = Debug|x64
		{F8BB035E-D418-4753-AAEC-FD9E07D93046}.Debug|x86.ActiveCfg = Debug|Win32
		{F8BB035E-D418-4753-AAEC-FD9E07D93046}.Debug|x86.Build.0 = Debug|Win32
		{F8BB035E-D418-4753-AAEC-FD9E07D93046}.Release|x64.ActiveCfg = Release|x64
		{F8BB035E-D418-4753-AAEC-FD9E07D93046}.Release|x64.Build.0 = Release|x64
		{F8BB035E-D418-4753-AAEC-FD9E07D93046}.Release|x86.ActiveCfg = Release|Win32
		{F8BB035E-D418-4753-AAEC-FD9E07D93046}.Release|x86.Build.0 = Release|Win32
		{53149650-6FCE-45A5-9B77-E15BD997D76E}.Debug|x64.ActiveCfg = Debug|x64
		{53149650-6FCE-45A5-9B77-E15BD997D76E}.Debug|x64.Build.0 = Debug|x64
		{53149650-6FCE-45A5-9B77-E15BD997D76E}.Debug|x86.ActiveCfg = Debug|Win32
		{53149650-6FCE-45A5-9B77-E15BD997D76E}.Debug|x86.Build.0 = Debug|Win32
		{53149650-6FCE-45A5-9B77-E15BD997D76E}.Release|x64.ActiveCfg = Release|x64
		{53149650-6FCE-45A5-9B77-E15BD997D76E}.Release|x64.Build.0 = Release|x64
		{53149650-6FCE-45A5-9B77-E15BD997D76E}.Release|x86.ActiveCfg = Release|Win32
		{53149650-6FCE-45A5-9B77-E15BD997D76E}.Release|x86.Build.0 = Release|Win32
		{F3C690D3-E509-4714-943A-91C5225BB32E}.Debug|x64.ActiveCfg = Debug|x64
		{F3C690D3-E509-4714-943A-91C5225BB32E}.Debug|x64.Build.0 = Debug|x64
		{F3C690D3-E509-4714-943A-91C5225BB32E}.Debug|x86.ActiveCfg = Debug|Win32
		{F3C690D3-E509-4714-943A-91C5225BB32E}.Debug|x86.Build.0 = Debug|Win32
		{F3C690D3-E509-4714-943A-91C5225BB32E}.Release|x64.ActiveCfg = Release|x64
		{F3C690D3-E509-4714-943A-91C5225BB32E}.Release|x64.Build.0 = Release|x64
		{F3C690D3-E509-4714-943A-91C5225BB32E}.Release|x86.ActiveCfg = Release|Win32
		{F3C690D3-E509-4714-943A-91C5225BB32E}.Release|x86.Build.0 = Release|Win32
	EndGlobalSection
	GlobalSection(SolutionProperties) = preSolution
		HideSolutionNode = FALSE
	EndGlobalSection
	GlobalSection(ExtensibilityGlobals) = postSolution
		SolutionGuid = {44F9A9D0-CD14-453A-92D9-B9C574FAF153}
	EndGlobalSection
EndGlobal
